// !$*UTF8*$!
{
	archiveVersion = 1;
	classes = {
	};
	objectVersion = 50;
	objects = {

/* Begin PBXBuildFile section */
		52233D4423B5905D008D85B3 /* charleyrivers.jpg in Resources */ = {isa = PBXBuildFile; fileRef = 52233D4323B5905D008D85B3 /* charleyrivers.jpg */; };
		52233D4623B59535008D85B3 /* UserData.swift in Sources */ = {isa = PBXBuildFile; fileRef = 52233D4523B59535008D85B3 /* UserData.swift */; };
		5234BF8D23B16099008491EA /* LandmarkCircleImage.swift in Sources */ = {isa = PBXBuildFile; fileRef = 5234BF8C23B16099008491EA /* LandmarkCircleImage.swift */; };
		5234BF8F23B16347008491EA /* LandmarkMapView.swift in Sources */ = {isa = PBXBuildFile; fileRef = 5234BF8E23B16347008491EA /* LandmarkMapView.swift */; };
		5234BF9423B1699B008491EA /* LandmarkDetailView.swift in Sources */ = {isa = PBXBuildFile; fileRef = 5234BF9323B1699B008491EA /* LandmarkDetailView.swift */; };
		52B88AE123B56B1B00BF9D75 /* Landmark.swift in Sources */ = {isa = PBXBuildFile; fileRef = 52B88ADF23B56B1B00BF9D75 /* Landmark.swift */; };
		52B88AE223B56B1B00BF9D75 /* Data.swift in Sources */ = {isa = PBXBuildFile; fileRef = 52B88AE023B56B1B00BF9D75 /* Data.swift */; };
		52B88AF023B56B2500BF9D75 /* chilkoottrail.jpg in Resources */ = {isa = PBXBuildFile; fileRef = 52B88AE323B56B2400BF9D75 /* chilkoottrail.jpg */; };
		52B88AF123B56B2500BF9D75 /* twinlake.jpg in Resources */ = {isa = PBXBuildFile; fileRef = 52B88AE423B56B2500BF9D75 /* twinlake.jpg */; };
		52B88AF223B56B2500BF9D75 /* icybay.jpg in Resources */ = {isa = PBXBuildFile; fileRef = 52B88AE523B56B2500BF9D75 /* icybay.jpg */; };
		52B88AF423B56B2500BF9D75 /* rainbowlake.jpg in Resources */ = {isa = PBXBuildFile; fileRef = 52B88AE723B56B2500BF9D75 /* rainbowlake.jpg */; };
		52B88AF523B56B2500BF9D75 /* umbagog.jpg in Resources */ = {isa = PBXBuildFile; fileRef = 52B88AE823B56B2500BF9D75 /* umbagog.jpg */; };
		52B88AF623B56B2500BF9D75 /* chincoteague.jpg in Resources */ = {isa = PBXBuildFile; fileRef = 52B88AE923B56B2500BF9D75 /* chincoteague.jpg */; };
		52B88AF723B56B2500BF9D75 /* hiddenlake.jpg in Resources */ = {isa = PBXBuildFile; fileRef = 52B88AEA23B56B2500BF9D75 /* hiddenlake.jpg */; };
		52B88AF823B56B2500BF9D75 /* silversalmoncreek.jpg in Resources */ = {isa = PBXBuildFile; fileRef = 52B88AEB23B56B2500BF9D75 /* silversalmoncreek.jpg */; };
		52B88AF923B56B2500BF9D75 /* landmarkData.json in Resources */ = {isa = PBXBuildFile; fileRef = 52B88AEC23B56B2500BF9D75 /* landmarkData.json */; };
		52B88AFA23B56B2500BF9D75 /* turtlerock.jpg in Resources */ = {isa = PBXBuildFile; fileRef = 52B88AED23B56B2500BF9D75 /* turtlerock.jpg */; };
		52B88AFB23B56B2500BF9D75 /* stmarylake.jpg in Resources */ = {isa = PBXBuildFile; fileRef = 52B88AEE23B56B2500BF9D75 /* stmarylake.jpg */; };
		52B88AFC23B56B2500BF9D75 /* lakemcdonald.jpg in Resources */ = {isa = PBXBuildFile; fileRef = 52B88AEF23B56B2500BF9D75 /* lakemcdonald.jpg */; };
		52B88AFE23B56B4900BF9D75 /* LandmarkRow.swift in Sources */ = {isa = PBXBuildFile; fileRef = 52B88AFD23B56B4900BF9D75 /* LandmarkRow.swift */; };
		52B88B0223B56D6400BF9D75 /* LandmarkList.swift in Sources */ = {isa = PBXBuildFile; fileRef = 52B88B0123B56D6400BF9D75 /* LandmarkList.swift */; };
		52C1408523B14E3200530192 /* AppDelegate.swift in Sources */ = {isa = PBXBuildFile; fileRef = 52C1408423B14E3200530192 /* AppDelegate.swift */; };
		52C1408723B14E3200530192 /* SceneDelegate.swift in Sources */ = {isa = PBXBuildFile; fileRef = 52C1408623B14E3200530192 /* SceneDelegate.swift */; };
		52C1408923B14E3200530192 /* ContentView.swift in Sources */ = {isa = PBXBuildFile; fileRef = 52C1408823B14E3200530192 /* ContentView.swift */; };
		52C1408B23B14E3300530192 /* Assets.xcassets in Resources */ = {isa = PBXBuildFile; fileRef = 52C1408A23B14E3300530192 /* Assets.xcassets */; };
		52C1408E23B14E3300530192 /* Preview Assets.xcassets in Resources */ = {isa = PBXBuildFile; fileRef = 52C1408D23B14E3300530192 /* Preview Assets.xcassets */; };
		52C1409123B14E3300530192 /* LaunchScreen.storyboard in Resources */ = {isa = PBXBuildFile; fileRef = 52C1408F23B14E3300530192 /* LaunchScreen.storyboard */; };
		52C1409C23B14E3300530192 /* SandboxTests.swift in Sources */ = {isa = PBXBuildFile; fileRef = 52C1409B23B14E3300530192 /* SandboxTests.swift */; };
		52C140A723B14E3300530192 /* SandboxUITests.swift in Sources */ = {isa = PBXBuildFile; fileRef = 52C140A623B14E3300530192 /* SandboxUITests.swift */; };
/* End PBXBuildFile section */

/* Begin PBXContainerItemProxy section */
		52C1409823B14E3300530192 /* PBXContainerItemProxy */ = {
			isa = PBXContainerItemProxy;
			containerPortal = 52C1407923B14E3200530192 /* Project object */;
			proxyType = 1;
			remoteGlobalIDString = 52C1408023B14E3200530192;
			remoteInfo = Sandbox;
		};
		52C140A323B14E3300530192 /* PBXContainerItemProxy */ = {
			isa = PBXContainerItemProxy;
			containerPortal = 52C1407923B14E3200530192 /* Project object */;
			proxyType = 1;
			remoteGlobalIDString = 52C1408023B14E3200530192;
			remoteInfo = Sandbox;
		};
/* End PBXContainerItemProxy section */

/* Begin PBXFileReference section */
		52233D4323B5905D008D85B3 /* charleyrivers.jpg */ = {isa = PBXFileReference; lastKnownFileType = image.jpeg; path = charleyrivers.jpg; sourceTree = "<group>"; };
		52233D4523B59535008D85B3 /* UserData.swift */ = {isa = PBXFileReference; lastKnownFileType = sourcecode.swift; path = UserData.swift; sourceTree = "<group>"; };
		5234BF8C23B16099008491EA /* LandmarkCircleImage.swift */ = {isa = PBXFileReference; lastKnownFileType = sourcecode.swift; path = LandmarkCircleImage.swift; sourceTree = "<group>"; };
		5234BF8E23B16347008491EA /* LandmarkMapView.swift */ = {isa = PBXFileReference; lastKnownFileType = sourcecode.swift; path = LandmarkMapView.swift; sourceTree = "<group>"; };
		5234BF9323B1699B008491EA /* LandmarkDetailView.swift */ = {isa = PBXFileReference; lastKnownFileType = sourcecode.swift; path = LandmarkDetailView.swift; sourceTree = "<group>"; };
		52B88ADF23B56B1B00BF9D75 /* Landmark.swift */ = {isa = PBXFileReference; fileEncoding = 4; lastKnownFileType = sourcecode.swift; path = Landmark.swift; sourceTree = "<group>"; };
		52B88AE023B56B1B00BF9D75 /* Data.swift */ = {isa = PBXFileReference; fileEncoding = 4; lastKnownFileType = sourcecode.swift; path = Data.swift; sourceTree = "<group>"; };
		52B88AE323B56B2400BF9D75 /* chilkoottrail.jpg */ = {isa = PBXFileReference; lastKnownFileType = image.jpeg; path = chilkoottrail.jpg; sourceTree = "<group>"; };
		52B88AE423B56B2500BF9D75 /* twinlake.jpg */ = {isa = PBXFileReference; lastKnownFileType = image.jpeg; path = twinlake.jpg; sourceTree = "<group>"; };
		52B88AE523B56B2500BF9D75 /* icybay.jpg */ = {isa = PBXFileReference; lastKnownFileType = image.jpeg; path = icybay.jpg; sourceTree = "<group>"; };
		52B88AE723B56B2500BF9D75 /* rainbowlake.jpg */ = {isa = PBXFileReference; lastKnownFileType = image.jpeg; path = rainbowlake.jpg; sourceTree = "<group>"; };
		52B88AE823B56B2500BF9D75 /* umbagog.jpg */ = {isa = PBXFileReference; lastKnownFileType = image.jpeg; path = umbagog.jpg; sourceTree = "<group>"; };
		52B88AE923B56B2500BF9D75 /* chincoteague.jpg */ = {isa = PBXFileReference; lastKnownFileType = image.jpeg; path = chincoteague.jpg; sourceTree = "<group>"; };
		52B88AEA23B56B2500BF9D75 /* hiddenlake.jpg */ = {isa = PBXFileReference; lastKnownFileType = image.jpeg; path = hiddenlake.jpg; sourceTree = "<group>"; };
		52B88AEB23B56B2500BF9D75 /* silversalmoncreek.jpg */ = {isa = PBXFileReference; lastKnownFileType = image.jpeg; path = silversalmoncreek.jpg; sourceTree = "<group>"; };
		52B88AEC23B56B2500BF9D75 /* landmarkData.json */ = {isa = PBXFileReference; fileEncoding = 4; lastKnownFileType = text.json; path = landmarkData.json; sourceTree = "<group>"; };
		52B88AED23B56B2500BF9D75 /* turtlerock.jpg */ = {isa = PBXFileReference; lastKnownFileType = image.jpeg; path = turtlerock.jpg; sourceTree = "<group>"; };
		52B88AEE23B56B2500BF9D75 /* stmarylake.jpg */ = {isa = PBXFileReference; lastKnownFileType = image.jpeg; path = stmarylake.jpg; sourceTree = "<group>"; };
		52B88AEF23B56B2500BF9D75 /* lakemcdonald.jpg */ = {isa = PBXFileReference; lastKnownFileType = image.jpeg; path = lakemcdonald.jpg; sourceTree = "<group>"; };
		52B88AFD23B56B4900BF9D75 /* LandmarkRow.swift */ = {isa = PBXFileReference; lastKnownFileType = sourcecode.swift; path = LandmarkRow.swift; sourceTree = "<group>"; };
		52B88B0123B56D6400BF9D75 /* LandmarkList.swift */ = {isa = PBXFileReference; lastKnownFileType = sourcecode.swift; path = LandmarkList.swift; sourceTree = "<group>"; };
		52C1408123B14E3200530192 /* Sandbox.app */ = {isa = PBXFileReference; explicitFileType = wrapper.application; includeInIndex = 0; path = Sandbox.app; sourceTree = BUILT_PRODUCTS_DIR; };
		52C1408423B14E3200530192 /* AppDelegate.swift */ = {isa = PBXFileReference; lastKnownFileType = sourcecode.swift; path = AppDelegate.swift; sourceTree = "<group>"; };
		52C1408623B14E3200530192 /* SceneDelegate.swift */ = {isa = PBXFileReference; lastKnownFileType = sourcecode.swift; path = SceneDelegate.swift; sourceTree = "<group>"; };
		52C1408823B14E3200530192 /* ContentView.swift */ = {isa = PBXFileReference; lastKnownFileType = sourcecode.swift; path = ContentView.swift; sourceTree = "<group>"; };
		52C1408A23B14E3300530192 /* Assets.xcassets */ = {isa = PBXFileReference; lastKnownFileType = folder.assetcatalog; path = Assets.xcassets; sourceTree = "<group>"; };
		52C1408D23B14E3300530192 /* Preview Assets.xcassets */ = {isa = PBXFileReference; lastKnownFileType = folder.assetcatalog; path = "Preview Assets.xcassets"; sourceTree = "<group>"; };
		52C1409023B14E3300530192 /* Base */ = {isa = PBXFileReference; lastKnownFileType = file.storyboard; name = Base; path = Base.lproj/LaunchScreen.storyboard; sourceTree = "<group>"; };
		52C1409223B14E3300530192 /* Info.plist */ = {isa = PBXFileReference; lastKnownFileType = text.plist.xml; path = Info.plist; sourceTree = "<group>"; };
		52C1409723B14E3300530192 /* SandboxTests.xctest */ = {isa = PBXFileReference; explicitFileType = wrapper.cfbundle; includeInIndex = 0; path = SandboxTests.xctest; sourceTree = BUILT_PRODUCTS_DIR; };
		52C1409B23B14E3300530192 /* SandboxTests.swift */ = {isa = PBXFileReference; lastKnownFileType = sourcecode.swift; path = SandboxTests.swift; sourceTree = "<group>"; };
		52C1409D23B14E3300530192 /* Info.plist */ = {isa = PBXFileReference; lastKnownFileType = text.plist.xml; path = Info.plist; sourceTree = "<group>"; };
		52C140A223B14E3300530192 /* SandboxUITests.xctest */ = {isa = PBXFileReference; explicitFileType = wrapper.cfbundle; includeInIndex = 0; path = SandboxUITests.xctest; sourceTree = BUILT_PRODUCTS_DIR; };
		52C140A623B14E3300530192 /* SandboxUITests.swift */ = {isa = PBXFileReference; lastKnownFileType = sourcecode.swift; path = SandboxUITests.swift; sourceTree = "<group>"; };
		52C140A823B14E3300530192 /* Info.plist */ = {isa = PBXFileReference; lastKnownFileType = text.plist.xml; path = Info.plist; sourceTree = "<group>"; };
/* End PBXFileReference section */

/* Begin PBXFrameworksBuildPhase section */
		52C1407E23B14E3200530192 /* Frameworks */ = {
			isa = PBXFrameworksBuildPhase;
			buildActionMask = 2147483647;
			files = (
			);
			runOnlyForDeploymentPostprocessing = 0;
		};
		52C1409423B14E3300530192 /* Frameworks */ = {
			isa = PBXFrameworksBuildPhase;
			buildActionMask = 2147483647;
			files = (
			);
			runOnlyForDeploymentPostprocessing = 0;
		};
		52C1409F23B14E3300530192 /* Frameworks */ = {
			isa = PBXFrameworksBuildPhase;
			buildActionMask = 2147483647;
			files = (
			);
			runOnlyForDeploymentPostprocessing = 0;
		};
/* End PBXFrameworksBuildPhase section */

/* Begin PBXGroup section */
		5234BF8B23B16051008491EA /* SwiftUITutorials */ = {
			isa = PBXGroup;
			children = (
				52B88ADC23B56AC600BF9D75 /* BuildingListsAndNavigation */,
				5234BF9223B16969008491EA /* CreatingAndCombiningViews */,
			);
			path = SwiftUITutorials;
			sourceTree = "<group>";
		};
		5234BF9223B16969008491EA /* CreatingAndCombiningViews */ = {
			isa = PBXGroup;
			children = (
				5234BF8C23B16099008491EA /* LandmarkCircleImage.swift */,
				5234BF8E23B16347008491EA /* LandmarkMapView.swift */,
				5234BF9323B1699B008491EA /* LandmarkDetailView.swift */,
			);
			path = CreatingAndCombiningViews;
			sourceTree = "<group>";
		};
		52B88ADC23B56AC600BF9D75 /* BuildingListsAndNavigation */ = {
			isa = PBXGroup;
			children = (
				52B88ADE23B56AD600BF9D75 /* Resources */,
				52B88ADD23B56AD200BF9D75 /* Models */,
				52B88AFD23B56B4900BF9D75 /* LandmarkRow.swift */,
				52B88B0123B56D6400BF9D75 /* LandmarkList.swift */,
			);
			path = BuildingListsAndNavigation;
			sourceTree = "<group>";
		};
		52B88ADD23B56AD200BF9D75 /* Models */ = {
			isa = PBXGroup;
			children = (
				52B88AE023B56B1B00BF9D75 /* Data.swift */,
				52B88ADF23B56B1B00BF9D75 /* Landmark.swift */,
				52233D4523B59535008D85B3 /* UserData.swift */,
			);
			path = Models;
			sourceTree = "<group>";
		};
		52B88ADE23B56AD600BF9D75 /* Resources */ = {
			isa = PBXGroup;
			children = (
				52233D4323B5905D008D85B3 /* charleyrivers.jpg */,
				52B88AE323B56B2400BF9D75 /* chilkoottrail.jpg */,
				52B88AE923B56B2500BF9D75 /* chincoteague.jpg */,
				52B88AEA23B56B2500BF9D75 /* hiddenlake.jpg */,
				52B88AE523B56B2500BF9D75 /* icybay.jpg */,
				52B88AEF23B56B2500BF9D75 /* lakemcdonald.jpg */,
				52B88AEC23B56B2500BF9D75 /* landmarkData.json */,
				52B88AE723B56B2500BF9D75 /* rainbowlake.jpg */,
				52B88AEB23B56B2500BF9D75 /* silversalmoncreek.jpg */,
				52B88AEE23B56B2500BF9D75 /* stmarylake.jpg */,
				52B88AED23B56B2500BF9D75 /* turtlerock.jpg */,
				52B88AE423B56B2500BF9D75 /* twinlake.jpg */,
				52B88AE823B56B2500BF9D75 /* umbagog.jpg */,
			);
			path = Resources;
			sourceTree = "<group>";
		};
		52C1407823B14E3200530192 = {
			isa = PBXGroup;
			children = (
				52C1408323B14E3200530192 /* Sandbox */,
				52C1409A23B14E3300530192 /* SandboxTests */,
				52C140A523B14E3300530192 /* SandboxUITests */,
				52C1408223B14E3200530192 /* Products */,
			);
			sourceTree = "<group>";
		};
		52C1408223B14E3200530192 /* Products */ = {
			isa = PBXGroup;
			children = (
				52C1408123B14E3200530192 /* Sandbox.app */,
				52C1409723B14E3300530192 /* SandboxTests.xctest */,
				52C140A223B14E3300530192 /* SandboxUITests.xctest */,
			);
			name = Products;
			sourceTree = "<group>";
		};
		52C1408323B14E3200530192 /* Sandbox */ = {
			isa = PBXGroup;
			children = (
				5234BF8B23B16051008491EA /* SwiftUITutorials */,
				52C1408423B14E3200530192 /* AppDelegate.swift */,
				52C1408623B14E3200530192 /* SceneDelegate.swift */,
				52C1408823B14E3200530192 /* ContentView.swift */,
				52C1408A23B14E3300530192 /* Assets.xcassets */,
				52C1408F23B14E3300530192 /* LaunchScreen.storyboard */,
				52C1409223B14E3300530192 /* Info.plist */,
				52C1408C23B14E3300530192 /* Preview Content */,
			);
			path = Sandbox;
			sourceTree = "<group>";
		};
		52C1408C23B14E3300530192 /* Preview Content */ = {
			isa = PBXGroup;
			children = (
				52C1408D23B14E3300530192 /* Preview Assets.xcassets */,
			);
			path = "Preview Content";
			sourceTree = "<group>";
		};
		52C1409A23B14E3300530192 /* SandboxTests */ = {
			isa = PBXGroup;
			children = (
				52C1409B23B14E3300530192 /* SandboxTests.swift */,
				52C1409D23B14E3300530192 /* Info.plist */,
			);
			path = SandboxTests;
			sourceTree = "<group>";
		};
		52C140A523B14E3300530192 /* SandboxUITests */ = {
			isa = PBXGroup;
			children = (
				52C140A623B14E3300530192 /* SandboxUITests.swift */,
				52C140A823B14E3300530192 /* Info.plist */,
			);
			path = SandboxUITests;
			sourceTree = "<group>";
		};
/* End PBXGroup section */

/* Begin PBXNativeTarget section */
		52C1408023B14E3200530192 /* Sandbox */ = {
			isa = PBXNativeTarget;
			buildConfigurationList = 52C140AB23B14E3300530192 /* Build configuration list for PBXNativeTarget "Sandbox" */;
			buildPhases = (
				52C1407D23B14E3200530192 /* Sources */,
				52C1407E23B14E3200530192 /* Frameworks */,
				52C1407F23B14E3200530192 /* Resources */,
			);
			buildRules = (
			);
			dependencies = (
			);
			name = Sandbox;
			productName = Sandbox;
			productReference = 52C1408123B14E3200530192 /* Sandbox.app */;
			productType = "com.apple.product-type.application";
		};
		52C1409623B14E3300530192 /* SandboxTests */ = {
			isa = PBXNativeTarget;
			buildConfigurationList = 52C140AE23B14E3300530192 /* Build configuration list for PBXNativeTarget "SandboxTests" */;
			buildPhases = (
				52C1409323B14E3300530192 /* Sources */,
				52C1409423B14E3300530192 /* Frameworks */,
				52C1409523B14E3300530192 /* Resources */,
			);
			buildRules = (
			);
			dependencies = (
				52C1409923B14E3300530192 /* PBXTargetDependency */,
			);
			name = SandboxTests;
			productName = SandboxTests;
			productReference = 52C1409723B14E3300530192 /* SandboxTests.xctest */;
			productType = "com.apple.product-type.bundle.unit-test";
		};
		52C140A123B14E3300530192 /* SandboxUITests */ = {
			isa = PBXNativeTarget;
			buildConfigurationList = 52C140B123B14E3300530192 /* Build configuration list for PBXNativeTarget "SandboxUITests" */;
			buildPhases = (
				52C1409E23B14E3300530192 /* Sources */,
				52C1409F23B14E3300530192 /* Frameworks */,
				52C140A023B14E3300530192 /* Resources */,
			);
			buildRules = (
			);
			dependencies = (
				52C140A423B14E3300530192 /* PBXTargetDependency */,
			);
			name = SandboxUITests;
			productName = SandboxUITests;
			productReference = 52C140A223B14E3300530192 /* SandboxUITests.xctest */;
			productType = "com.apple.product-type.bundle.ui-testing";
		};
/* End PBXNativeTarget section */

/* Begin PBXProject section */
		52C1407923B14E3200530192 /* Project object */ = {
			isa = PBXProject;
			attributes = {
				LastSwiftUpdateCheck = 1130;
				LastUpgradeCheck = 1130;
				ORGANIZATIONNAME = "Eugene Manaev";
				TargetAttributes = {
					52C1408023B14E3200530192 = {
						CreatedOnToolsVersion = 11.3;
					};
					52C1409623B14E3300530192 = {
						CreatedOnToolsVersion = 11.3;
						TestTargetID = 52C1408023B14E3200530192;
					};
					52C140A123B14E3300530192 = {
						CreatedOnToolsVersion = 11.3;
						TestTargetID = 52C1408023B14E3200530192;
					};
				};
			};
			buildConfigurationList = 52C1407C23B14E3200530192 /* Build configuration list for PBXProject "Sandbox" */;
			compatibilityVersion = "Xcode 9.3";
			developmentRegion = en;
			hasScannedForEncodings = 0;
			knownRegions = (
				en,
				Base,
			);
			mainGroup = 52C1407823B14E3200530192;
			productRefGroup = 52C1408223B14E3200530192 /* Products */;
			projectDirPath = "";
			projectRoot = "";
			targets = (
				52C1408023B14E3200530192 /* Sandbox */,
				52C1409623B14E3300530192 /* SandboxTests */,
				52C140A123B14E3300530192 /* SandboxUITests */,
			);
		};
/* End PBXProject section */

/* Begin PBXResourcesBuildPhase section */
		52C1407F23B14E3200530192 /* Resources */ = {
			isa = PBXResourcesBuildPhase;
			buildActionMask = 2147483647;
			files = (
				52C1409123B14E3300530192 /* LaunchScreen.storyboard in Resources */,
				52B88AFA23B56B2500BF9D75 /* turtlerock.jpg in Resources */,
				52B88AF123B56B2500BF9D75 /* twinlake.jpg in Resources */,
				52233D4423B5905D008D85B3 /* charleyrivers.jpg in Resources */,
				52B88AF023B56B2500BF9D75 /* chilkoottrail.jpg in Resources */,
				52B88AF923B56B2500BF9D75 /* landmarkData.json in Resources */,
				52B88AFB23B56B2500BF9D75 /* stmarylake.jpg in Resources */,
				52B88AF623B56B2500BF9D75 /* chincoteague.jpg in Resources */,
				52B88AF723B56B2500BF9D75 /* hiddenlake.jpg in Resources */,
				52C1408E23B14E3300530192 /* Preview Assets.xcassets in Resources */,
				52B88AF423B56B2500BF9D75 /* rainbowlake.jpg in Resources */,
				52B88AF523B56B2500BF9D75 /* umbagog.jpg in Resources */,
				52B88AF823B56B2500BF9D75 /* silversalmoncreek.jpg in Resources */,
				52B88AF223B56B2500BF9D75 /* icybay.jpg in Resources */,
				52B88AFC23B56B2500BF9D75 /* lakemcdonald.jpg in Resources */,
				52C1408B23B14E3300530192 /* Assets.xcassets in Resources */,
			);
			runOnlyForDeploymentPostprocessing = 0;
		};
		52C1409523B14E3300530192 /* Resources */ = {
			isa = PBXResourcesBuildPhase;
			buildActionMask = 2147483647;
			files = (
			);
			runOnlyForDeploymentPostprocessing = 0;
		};
		52C140A023B14E3300530192 /* Resources */ = {
			isa = PBXResourcesBuildPhase;
			buildActionMask = 2147483647;
			files = (
			);
			runOnlyForDeploymentPostprocessing = 0;
		};
/* End PBXResourcesBuildPhase section */

/* Begin PBXSourcesBuildPhase section */
		52C1407D23B14E3200530192 /* Sources */ = {
			isa = PBXSourcesBuildPhase;
			buildActionMask = 2147483647;
			files = (
				52C1408523B14E3200530192 /* AppDelegate.swift in Sources */,
				52B88B0223B56D6400BF9D75 /* LandmarkList.swift in Sources */,
				5234BF8D23B16099008491EA /* LandmarkCircleImage.swift in Sources */,
				52B88AE123B56B1B00BF9D75 /* Landmark.swift in Sources */,
				5234BF8F23B16347008491EA /* LandmarkMapView.swift in Sources */,
				52233D4623B59535008D85B3 /* UserData.swift in Sources */,
				52C1408723B14E3200530192 /* SceneDelegate.swift in Sources */,
				52C1408923B14E3200530192 /* ContentView.swift in Sources */,
				52B88AE223B56B1B00BF9D75 /* Data.swift in Sources */,
				52B88AFE23B56B4900BF9D75 /* LandmarkRow.swift in Sources */,
				5234BF9423B1699B008491EA /* LandmarkDetailView.swift in Sources */,
			);
			runOnlyForDeploymentPostprocessing = 0;
		};
		52C1409323B14E3300530192 /* Sources */ = {
			isa = PBXSourcesBuildPhase;
			buildActionMask = 2147483647;
			files = (
				52C1409C23B14E3300530192 /* SandboxTests.swift in Sources */,
			);
			runOnlyForDeploymentPostprocessing = 0;
		};
		52C1409E23B14E3300530192 /* Sources */ = {
			isa = PBXSourcesBuildPhase;
			buildActionMask = 2147483647;
			files = (
				52C140A723B14E3300530192 /* SandboxUITests.swift in Sources */,
			);
			runOnlyForDeploymentPostprocessing = 0;
		};
/* End PBXSourcesBuildPhase section */

/* Begin PBXTargetDependency section */
		52C1409923B14E3300530192 /* PBXTargetDependency */ = {
			isa = PBXTargetDependency;
			target = 52C1408023B14E3200530192 /* Sandbox */;
			targetProxy = 52C1409823B14E3300530192 /* PBXContainerItemProxy */;
		};
		52C140A423B14E3300530192 /* PBXTargetDependency */ = {
			isa = PBXTargetDependency;
			target = 52C1408023B14E3200530192 /* Sandbox */;
			targetProxy = 52C140A323B14E3300530192 /* PBXContainerItemProxy */;
		};
/* End PBXTargetDependency section */

/* Begin PBXVariantGroup section */
		52C1408F23B14E3300530192 /* LaunchScreen.storyboard */ = {
			isa = PBXVariantGroup;
			children = (
				52C1409023B14E3300530192 /* Base */,
			);
			name = LaunchScreen.storyboard;
			sourceTree = "<group>";
		};
/* End PBXVariantGroup section */

/* Begin XCBuildConfiguration section */
		52C140A923B14E3300530192 /* Debug */ = {
			isa = XCBuildConfiguration;
			buildSettings = {
				ALWAYS_SEARCH_USER_PATHS = NO;
				CLANG_ANALYZER_NONNULL = YES;
				CLANG_ANALYZER_NUMBER_OBJECT_CONVERSION = YES_AGGRESSIVE;
				CLANG_CXX_LANGUAGE_STANDARD = "gnu++14";
				CLANG_CXX_LIBRARY = "libc++";
				CLANG_ENABLE_MODULES = YES;
				CLANG_ENABLE_OBJC_ARC = YES;
				CLANG_ENABLE_OBJC_WEAK = YES;
				CLANG_WARN_BLOCK_CAPTURE_AUTORELEASING = YES;
				CLANG_WARN_BOOL_CONVERSION = YES;
				CLANG_WARN_COMMA = YES;
				CLANG_WARN_CONSTANT_CONVERSION = YES;
				CLANG_WARN_DEPRECATED_OBJC_IMPLEMENTATIONS = YES;
				CLANG_WARN_DIRECT_OBJC_ISA_USAGE = YES_ERROR;
				CLANG_WARN_DOCUMENTATION_COMMENTS = YES;
				CLANG_WARN_EMPTY_BODY = YES;
				CLANG_WARN_ENUM_CONVERSION = YES;
				CLANG_WARN_INFINITE_RECURSION = YES;
				CLANG_WARN_INT_CONVERSION = YES;
				CLANG_WARN_NON_LITERAL_NULL_CONVERSION = YES;
				CLANG_WARN_OBJC_IMPLICIT_RETAIN_SELF = YES;
				CLANG_WARN_OBJC_LITERAL_CONVERSION = YES;
				CLANG_WARN_OBJC_ROOT_CLASS = YES_ERROR;
				CLANG_WARN_RANGE_LOOP_ANALYSIS = YES;
				CLANG_WARN_STRICT_PROTOTYPES = YES;
				CLANG_WARN_SUSPICIOUS_MOVE = YES;
				CLANG_WARN_UNGUARDED_AVAILABILITY = YES_AGGRESSIVE;
				CLANG_WARN_UNREACHABLE_CODE = YES;
				CLANG_WARN__DUPLICATE_METHOD_MATCH = YES;
				COPY_PHASE_STRIP = NO;
				DEBUG_INFORMATION_FORMAT = dwarf;
				ENABLE_STRICT_OBJC_MSGSEND = YES;
				ENABLE_TESTABILITY = YES;
				GCC_C_LANGUAGE_STANDARD = gnu11;
				GCC_DYNAMIC_NO_PIC = NO;
				GCC_NO_COMMON_BLOCKS = YES;
				GCC_OPTIMIZATION_LEVEL = 0;
				GCC_PREPROCESSOR_DEFINITIONS = (
					"DEBUG=1",
					"$(inherited)",
				);
				GCC_WARN_64_TO_32_BIT_CONVERSION = YES;
				GCC_WARN_ABOUT_RETURN_TYPE = YES_ERROR;
				GCC_WARN_UNDECLARED_SELECTOR = YES;
				GCC_WARN_UNINITIALIZED_AUTOS = YES_AGGRESSIVE;
				GCC_WARN_UNUSED_FUNCTION = YES;
				GCC_WARN_UNUSED_VARIABLE = YES;
				IPHONEOS_DEPLOYMENT_TARGET = 13.2;
				MTL_ENABLE_DEBUG_INFO = INCLUDE_SOURCE;
				MTL_FAST_MATH = YES;
				ONLY_ACTIVE_ARCH = YES;
				SDKROOT = iphoneos;
				SWIFT_ACTIVE_COMPILATION_CONDITIONS = DEBUG;
				SWIFT_OPTIMIZATION_LEVEL = "-Onone";
			};
			name = Debug;
		};
		52C140AA23B14E3300530192 /* Release */ = {
			isa = XCBuildConfiguration;
			buildSettings = {
				ALWAYS_SEARCH_USER_PATHS = NO;
				CLANG_ANALYZER_NONNULL = YES;
				CLANG_ANALYZER_NUMBER_OBJECT_CONVERSION = YES_AGGRESSIVE;
				CLANG_CXX_LANGUAGE_STANDARD = "gnu++14";
				CLANG_CXX_LIBRARY = "libc++";
				CLANG_ENABLE_MODULES = YES;
				CLANG_ENABLE_OBJC_ARC = YES;
				CLANG_ENABLE_OBJC_WEAK = YES;
				CLANG_WARN_BLOCK_CAPTURE_AUTORELEASING = YES;
				CLANG_WARN_BOOL_CONVERSION = YES;
				CLANG_WARN_COMMA = YES;
				CLANG_WARN_CONSTANT_CONVERSION = YES;
				CLANG_WARN_DEPRECATED_OBJC_IMPLEMENTATIONS = YES;
				CLANG_WARN_DIRECT_OBJC_ISA_USAGE = YES_ERROR;
				CLANG_WARN_DOCUMENTATION_COMMENTS = YES;
				CLANG_WARN_EMPTY_BODY = YES;
				CLANG_WARN_ENUM_CONVERSION = YES;
				CLANG_WARN_INFINITE_RECURSION = YES;
				CLANG_WARN_INT_CONVERSION = YES;
				CLANG_WARN_NON_LITERAL_NULL_CONVERSION = YES;
				CLANG_WARN_OBJC_IMPLICIT_RETAIN_SELF = YES;
				CLANG_WARN_OBJC_LITERAL_CONVERSION = YES;
				CLANG_WARN_OBJC_ROOT_CLASS = YES_ERROR;
				CLANG_WARN_RANGE_LOOP_ANALYSIS = YES;
				CLANG_WARN_STRICT_PROTOTYPES = YES;
				CLANG_WARN_SUSPICIOUS_MOVE = YES;
				CLANG_WARN_UNGUARDED_AVAILABILITY = YES_AGGRESSIVE;
				CLANG_WARN_UNREACHABLE_CODE = YES;
				CLANG_WARN__DUPLICATE_METHOD_MATCH = YES;
				COPY_PHASE_STRIP = NO;
				DEBUG_INFORMATION_FORMAT = "dwarf-with-dsym";
				ENABLE_NS_ASSERTIONS = NO;
				ENABLE_STRICT_OBJC_MSGSEND = YES;
				GCC_C_LANGUAGE_STANDARD = gnu11;
				GCC_NO_COMMON_BLOCKS = YES;
				GCC_WARN_64_TO_32_BIT_CONVERSION = YES;
				GCC_WARN_ABOUT_RETURN_TYPE = YES_ERROR;
				GCC_WARN_UNDECLARED_SELECTOR = YES;
				GCC_WARN_UNINITIALIZED_AUTOS = YES_AGGRESSIVE;
				GCC_WARN_UNUSED_FUNCTION = YES;
				GCC_WARN_UNUSED_VARIABLE = YES;
				IPHONEOS_DEPLOYMENT_TARGET = 13.2;
				MTL_ENABLE_DEBUG_INFO = NO;
				MTL_FAST_MATH = YES;
				SDKROOT = iphoneos;
				SWIFT_COMPILATION_MODE = wholemodule;
				SWIFT_OPTIMIZATION_LEVEL = "-O";
				VALIDATE_PRODUCT = YES;
			};
			name = Release;
		};
		52C140AC23B14E3300530192 /* Debug */ = {
			isa = XCBuildConfiguration;
			buildSettings = {
				ASSETCATALOG_COMPILER_APPICON_NAME = AppIcon;
				CODE_SIGN_STYLE = Automatic;
				DEVELOPMENT_ASSET_PATHS = "\"Sandbox/Preview Content\"";
				DEVELOPMENT_TEAM = DFFRAVS47E;
				ENABLE_PREVIEWS = YES;
				INFOPLIST_FILE = Sandbox/Info.plist;
				LD_RUNPATH_SEARCH_PATHS = (
					"$(inherited)",
					"@executable_path/Frameworks",
				);
				PRODUCT_BUNDLE_IDENTIFIER = manaev.Sandbox;
				PRODUCT_NAME = "$(TARGET_NAME)";
				SWIFT_VERSION = 5.0;
				TARGETED_DEVICE_FAMILY = "1,2";
			};
			name = Debug;
		};
		52C140AD23B14E3300530192 /* Release */ = {
			isa = XCBuildConfiguration;
			buildSettings = {
				ASSETCATALOG_COMPILER_APPICON_NAME = AppIcon;
				CODE_SIGN_STYLE = Automatic;
				DEVELOPMENT_ASSET_PATHS = "\"Sandbox/Preview Content\"";
				DEVELOPMENT_TEAM = DFFRAVS47E;
				ENABLE_PREVIEWS = YES;
				INFOPLIST_FILE = Sandbox/Info.plist;
				LD_RUNPATH_SEARCH_PATHS = (
					"$(inherited)",
					"@executable_path/Frameworks",
				);
				PRODUCT_BUNDLE_IDENTIFIER = manaev.Sandbox;
				PRODUCT_NAME = "$(TARGET_NAME)";
				SWIFT_VERSION = 5.0;
				TARGETED_DEVICE_FAMILY = "1,2";
			};
			name = Release;
		};
		52C140AF23B14E3300530192 /* Debug */ = {
			isa = XCBuildConfiguration;
			buildSettings = {
				ALWAYS_EMBED_SWIFT_STANDARD_LIBRARIES = YES;
				BUNDLE_LOADER = "$(TEST_HOST)";
				CODE_SIGN_STYLE = Automatic;
				DEVELOPMENT_TEAM = DFFRAVS47E;
				INFOPLIST_FILE = SandboxTests/Info.plist;
				IPHONEOS_DEPLOYMENT_TARGET = 13.2;
				LD_RUNPATH_SEARCH_PATHS = (
					"$(inherited)",
					"@executable_path/Frameworks",
					"@loader_path/Frameworks",
				);
				PRODUCT_BUNDLE_IDENTIFIER = manaev.SandboxTests;
				PRODUCT_NAME = "$(TARGET_NAME)";
				SWIFT_VERSION = 5.0;
				TARGETED_DEVICE_FAMILY = "1,2";
				TEST_HOST = "$(BUILT_PRODUCTS_DIR)/Sandbox.app/Sandbox";
			};
			name = Debug;
		};
		52C140B023B14E3300530192 /* Release */ = {
			isa = XCBuildConfiguration;
			buildSettings = {
				ALWAYS_EMBED_SWIFT_STANDARD_LIBRARIES = YES;
				BUNDLE_LOADER = "$(TEST_HOST)";
				CODE_SIGN_STYLE = Automatic;
				DEVELOPMENT_TEAM = DFFRAVS47E;
				INFOPLIST_FILE = SandboxTests/Info.plist;
				IPHONEOS_DEPLOYMENT_TARGET = 13.2;
				LD_RUNPATH_SEARCH_PATHS = (
					"$(inherited)",
					"@executable_path/Frameworks",
					"@loader_path/Frameworks",
				);
				PRODUCT_BUNDLE_IDENTIFIER = manaev.SandboxTests;
				PRODUCT_NAME = "$(TARGET_NAME)";
				SWIFT_VERSION = 5.0;
				TARGETED_DEVICE_FAMILY = "1,2";
				TEST_HOST = "$(BUILT_PRODUCTS_DIR)/Sandbox.app/Sandbox";
			};
			name = Release;
		};
		52C140B223B14E3300530192 /* Debug */ = {
			isa = XCBuildConfiguration;
			buildSettings = {
				ALWAYS_EMBED_SWIFT_STANDARD_LIBRARIES = YES;
				CODE_SIGN_STYLE = Automatic;
				DEVELOPMENT_TEAM = DFFRAVS47E;
				INFOPLIST_FILE = SandboxUITests/Info.plist;
				LD_RUNPATH_SEARCH_PATHS = (
					"$(inherited)",
					"@executable_path/Frameworks",
					"@loader_path/Frameworks",
				);
				PRODUCT_BUNDLE_IDENTIFIER = manaev.SandboxUITests;
				PRODUCT_NAME = "$(TARGET_NAME)";
				SWIFT_VERSION = 5.0;
				TARGETED_DEVICE_FAMILY = "1,2";
				TEST_TARGET_NAME = Sandbox;
			};
			name = Debug;
		};
		52C140B323B14E3300530192 /* Release */ = {
			isa = XCBuildConfiguration;
			buildSettings = {
				ALWAYS_EMBED_SWIFT_STANDARD_LIBRARIES = YES;
				CODE_SIGN_STYLE = Automatic;
				DEVELOPMENT_TEAM = DFFRAVS47E;
				INFOPLIST_FILE = SandboxUITests/Info.plist;
				LD_RUNPATH_SEARCH_PATHS = (
					"$(inherited)",
					"@executable_path/Frameworks",
					"@loader_path/Frameworks",
				);
				PRODUCT_BUNDLE_IDENTIFIER = manaev.SandboxUITests;
				PRODUCT_NAME = "$(TARGET_NAME)";
				SWIFT_VERSION = 5.0;
				TARGETED_DEVICE_FAMILY = "1,2";
				TEST_TARGET_NAME = Sandbox;
			};
			name = Release;
		};
/* End XCBuildConfiguration section */

/* Begin XCConfigurationList section */
		52C1407C23B14E3200530192 /* Build configuration list for PBXProject "Sandbox" */ = {
			isa = XCConfigurationList;
			buildConfigurations = (
				52C140A923B14E3300530192 /* Debug */,
				52C140AA23B14E3300530192 /* Release */,
			);
			defaultConfigurationIsVisible = 0;
			defaultConfigurationName = Release;
		};
		52C140AB23B14E3300530192 /* Build configuration list for PBXNativeTarget "Sandbox" */ = {
			isa = XCConfigurationList;
			buildConfigurations = (
				52C140AC23B14E3300530192 /* Debug */,
				52C140AD23B14E3300530192 /* Release */,
			);
			defaultConfigurationIsVisible = 0;
			defaultConfigurationName = Release;
		};
		52C140AE23B14E3300530192 /* Build configuration list for PBXNativeTarget "SandboxTests" */ = {
			isa = XCConfigurationList;
			buildConfigurations = (
				52C140AF23B14E3300530192 /* Debug */,
				52C140B023B14E3300530192 /* Release */,
			);
			defaultConfigurationIsVisible = 0;
			defaultConfigurationName = Release;
		};
		52C140B123B14E3300530192 /* Build configuration list for PBXNativeTarget "SandboxUITests" */ = {
			isa = XCConfigurationList;
			buildConfigurations = (
				52C140B223B14E3300530192 /* Debug */,
				52C140B323B14E3300530192 /* Release */,
			);
			defaultConfigurationIsVisible = 0;
			defaultConfigurationName = Release;
		};
/* End XCConfigurationList section */
	};
	rootObject = 52C1407923B14E3200530192 /* Project object */;
}
